
Microsoft Visual Studio Solution File, Format Version 12.00
# Visual Studio Version 17
VisualStudioVersion = 17.4.33122.133
MinimumVisualStudioVersion = 10.0.40219.1
Project("{FAE04EC0-301F-11D3-BF4B-00C04F79EFBC}") = "priori.francesco.4h.threads", "priori.francesco.4h.threads\priori.francesco.4h.threads.csproj", "{05CF127F-E2AD-47A6-A6A1-1C5BD7F5618E}"
EndProject
Global
	GlobalSection(SolutionConfigurationPlatforms) = preSolution
		Debug|Any CPU = Debug|Any CPU
		Release|Any CPU = Release|Any CPU
	EndGlobalSection
	GlobalSection(ProjectConfigurationPlatforms) = postSolution
		{05CF127F-E2AD-47A6-A6A1-1C5BD7F5618E}.Debug|Any CPU.ActiveCfg = Debug|Any CPU
		{05CF127F-E2AD-47A6-A6A1-1C5BD7F5618E}.Debug|Any CPU.Build.0 = Debug|Any CPU
		{05CF127F-E2AD-47A6-A6A1-1C5BD7F5618E}.Release|Any CPU.ActiveCfg = Release|Any CPU
		{05CF127F-E2AD-47A6-A6A1-1C5BD7F5618E}.Release|Any CPU.Build.0 = Release|Any CPU
	EndGlobalSection
	GlobalSection(SolutionProperties) = preSolution
		HideSolutionNode = FALSE
	EndGlobalSection
	GlobalSection(ExtensibilityGlobals) = postSolution
		SolutionGuid = {68CC9D99-4E0A-4B07-9399-BB2362C7AAD7}
	EndGlobalSection
EndGlobal
